
Microsoft Visual Studio Solution File, Format Version 9.00
# Visual Studio 2005
Project("{FAE04EC0-301F-11D3-BF4B-00C04F79EFBC}") = "Read_Write", "Read_Write.csproj", "{823239F8-8FCC-44DD-9890-C8B496F07D48}"
EndProject
Global
	GlobalSection(SolutionConfigurationPlatforms) = preSolution
		Debug|Any CPU = Debug|Any CPU
		Release|Any CPU = Release|Any CPU
	EndGlobalSection
	GlobalSection(ProjectConfigurationPlatforms) = postSolution
		{823239F8-8FCC-44DD-9890-C8B496F07D48}.Debug|Any CPU.ActiveCfg = Debug|Any CPU
		{823239F8-8FCC-44DD-9890-C8B496F07D48}.Debug|Any CPU.Build.0 = Debug|Any CPU
		{823239F8-8FCC-44DD-9890-C8B496F07D48}.Release|Any CPU.ActiveCfg = Release|Any CPU
		{823239F8-8FCC-44DD-9890-C8B496F07D48}.Release|Any CPU.Build.0 = Release|Any CPU
	EndGlobalSection
	GlobalSection(SolutionProperties) = preSolution
		HideSolutionNode = FALSE
	EndGlobalSection
EndGlobal
